
Microsoft Visual Studio Solution File, Format Version 12.00
# Visual Studio Version 17
VisualStudioVersion = 17.12.35707.178
MinimumVisualStudioVersion = 10.0.40219.1
Project("{FAE04EC0-301F-11D3-BF4B-00C04F79EFBC}") = "BookingSystem", "BookingSystem\BookingSystem.csproj", "{291385CD-B585-4C4C-A57C-29E5F014B4E9}"
EndProject
Project("{FAE04EC0-301F-11D3-BF4B-00C04F79EFBC}") = "BookingSystem.Domain", "BookingSystem.Domain\BookingSystem.Domain.csproj", "{A90D7091-6118-4FC0-910A-4FE1B8D165AD}"
EndProject
Project("{FAE04EC0-301F-11D3-BF4B-00C04F79EFBC}") = "BookingSystem.Application", "BookingSystem.Application\BookingSystem.Application.csproj", "{1E0D014F-BBE4-4F24-B306-60CE4773DA32}"
EndProject
Project("{FAE04EC0-301F-11D3-BF4B-00C04F79EFBC}") = "BookingSystem.EntityFrameworkCore", "BookingSystem.EntityFrameworkCore\BookingSystem.EntityFrameworkCore.csproj", "{9FDC99C0-B1C9-4FCC-A5DE-5050ACFED6ED}"
EndProject
Project("{FAE04EC0-301F-11D3-BF4B-00C04F79EFBC}") = "BookingSystem.Application.Contracts", "BookingSystem.Application.Contracts\BookingSystem.Application.Contracts.csproj", "{ACD0BAB8-6E5B-47FA-A229-18A5A6EDC6CE}"
EndProject
Global
	GlobalSection(SolutionConfigurationPlatforms) = preSolution
		Debug|Any CPU = Debug|Any CPU
		Release|Any CPU = Release|Any CPU
	EndGlobalSection
	GlobalSection(ProjectConfigurationPlatforms) = postSolution
		{291385CD-B585-4C4C-A57C-29E5F014B4E9}.Debug|Any CPU.ActiveCfg = Debug|Any CPU
		{291385CD-B585-4C4C-A57C-29E5F014B4E9}.Debug|Any CPU.Build.0 = Debug|Any CPU
		{291385CD-B585-4C4C-A57C-29E5F014B4E9}.Release|Any CPU.ActiveCfg = Release|Any CPU
		{291385CD-B585-4C4C-A57C-29E5F014B4E9}.Release|Any CPU.Build.0 = Release|Any CPU
		{A90D7091-6118-4FC0-910A-4FE1B8D165AD}.Debug|Any CPU.ActiveCfg = Debug|Any CPU
		{A90D7091-6118-4FC0-910A-4FE1B8D165AD}.Debug|Any CPU.Build.0 = Debug|Any CPU
		{A90D7091-6118-4FC0-910A-4FE1B8D165AD}.Release|Any CPU.ActiveCfg = Release|Any CPU
		{A90D7091-6118-4FC0-910A-4FE1B8D165AD}.Release|Any CPU.Build.0 = Release|Any CPU
		{1E0D014F-BBE4-4F24-B306-60CE4773DA32}.Debug|Any CPU.ActiveCfg = Debug|Any CPU
		{1E0D014F-BBE4-4F24-B306-60CE4773DA32}.Debug|Any CPU.Build.0 = Debug|Any CPU
		{1E0D014F-BBE4-4F24-B306-60CE4773DA32}.Release|Any CPU.ActiveCfg = Release|Any CPU
		{1E0D014F-BBE4-4F24-B306-60CE4773DA32}.Release|Any CPU.Build.0 = Release|Any CPU
		{9FDC99C0-B1C9-4FCC-A5DE-5050ACFED6ED}.Debug|Any CPU.ActiveCfg = Debug|Any CPU
		{9FDC99C0-B1C9-4FCC-A5DE-5050ACFED6ED}.Debug|Any CPU.Build.0 = Debug|Any CPU
		{9FDC99C0-B1C9-4FCC-A5DE-5050ACFED6ED}.Release|Any CPU.ActiveCfg = Release|Any CPU
		{9FDC99C0-B1C9-4FCC-A5DE-5050ACFED6ED}.Release|Any CPU.Build.0 = Release|Any CPU
		{ACD0BAB8-6E5B-47FA-A229-18A5A6EDC6CE}.Debug|Any CPU.ActiveCfg = Debug|Any CPU
		{ACD0BAB8-6E5B-47FA-A229-18A5A6EDC6CE}.Debug|Any CPU.Build.0 = Debug|Any CPU
		{ACD0BAB8-6E5B-47FA-A229-18A5A6EDC6CE}.Release|Any CPU.ActiveCfg = Release|Any CPU
		{ACD0BAB8-6E5B-47FA-A229-18A5A6EDC6CE}.Release|Any CPU.Build.0 = Release|Any CPU
	EndGlobalSection
	GlobalSection(SolutionProperties) = preSolution
		HideSolutionNode = FALSE
	EndGlobalSection
	GlobalSection(ExtensibilityGlobals) = postSolution
		SolutionGuid = {DC286C8F-92FA-4764-A505-502235280306}
	EndGlobalSection
EndGlobal
